
Microsoft Visual Studio Solution File, Format Version 12.00
# Visual Studio 15
VisualStudioVersion = 15.0.28307.329
MinimumVisualStudioVersion = 10.0.40219.1
Project("{FAE04EC0-301F-11D3-BF4B-00C04F79EFBC}") = "MessengerClient", "MessengerClient\MessengerClient.csproj", "{9809DA5A-70A6-48F8-A5DF-BC0EB56AE0A8}"
EndProject
Project("{FAE04EC0-301F-11D3-BF4B-00C04F79EFBC}") = "Lib", "Lib\Lib.csproj", "{4D13E22F-B9AE-4E71-A7C8-E5C3B9087A85}"
EndProject
Global
	GlobalSection(SolutionConfigurationPlatforms) = preSolution
		Debug|Any CPU = Debug|Any CPU
		Release|Any CPU = Release|Any CPU
	EndGlobalSection
	GlobalSection(ProjectConfigurationPlatforms) = postSolution
		{9809DA5A-70A6-48F8-A5DF-BC0EB56AE0A8}.Debug|Any CPU.ActiveCfg = Debug|Any CPU
		{9809DA5A-70A6-48F8-A5DF-BC0EB56AE0A8}.Debug|Any CPU.Build.0 = Debug|Any CPU
		{9809DA5A-70A6-48F8-A5DF-BC0EB56AE0A8}.Release|Any CPU.ActiveCfg = Release|Any CPU
		{9809DA5A-70A6-48F8-A5DF-BC0EB56AE0A8}.Release|Any CPU.Build.0 = Release|Any CPU
		{4D13E22F-B9AE-4E71-A7C8-E5C3B9087A85}.Debug|Any CPU.ActiveCfg = Debug|Any CPU
		{4D13E22F-B9AE-4E71-A7C8-E5C3B9087A85}.Debug|Any CPU.Build.0 = Debug|Any CPU
		{4D13E22F-B9AE-4E71-A7C8-E5C3B9087A85}.Release|Any CPU.ActiveCfg = Release|Any CPU
		{4D13E22F-B9AE-4E71-A7C8-E5C3B9087A85}.Release|Any CPU.Build.0 = Release|Any CPU
	EndGlobalSection
	GlobalSection(SolutionProperties) = preSolution
		HideSolutionNode = FALSE
	EndGlobalSection
	GlobalSection(ExtensibilityGlobals) = postSolution
		SolutionGuid = {80532B5E-07EB-4B81-922E-7228F675F462}
	EndGlobalSection
EndGlobal
